
Microsoft Visual Studio Solution File, Format Version 12.00
# Visual Studio Version 17
VisualStudioVersion = 17.3.32929.385
MinimumVisualStudioVersion = 10.0.40219.1
Project("{FAE04EC0-301F-11D3-BF4B-00C04F79EFBC}") = "Proiect_Torok_Erika", "Proiect_Torok_Erika.csproj", "{90FD41D2-E259-4F15-AED7-C6B5683C095C}"
EndProject
Global
	GlobalSection(SolutionConfigurationPlatforms) = preSolution
		Debug|Any CPU = Debug|Any CPU
		Release|Any CPU = Release|Any CPU
	EndGlobalSection
	GlobalSection(ProjectConfigurationPlatforms) = postSolution
		{90FD41D2-E259-4F15-AED7-C6B5683C095C}.Debug|Any CPU.ActiveCfg = Debug|Any CPU
		{90FD41D2-E259-4F15-AED7-C6B5683C095C}.Debug|Any CPU.Build.0 = Debug|Any CPU
		{90FD41D2-E259-4F15-AED7-C6B5683C095C}.Release|Any CPU.ActiveCfg = Release|Any CPU
		{90FD41D2-E259-4F15-AED7-C6B5683C095C}.Release|Any CPU.Build.0 = Release|Any CPU
	EndGlobalSection
	GlobalSection(SolutionProperties) = preSolution
		HideSolutionNode = FALSE
	EndGlobalSection
	GlobalSection(ExtensibilityGlobals) = postSolution
		SolutionGuid = {01BC7A51-0BD0-46E6-BCC6-43F6C5203AEB}
	EndGlobalSection
EndGlobal
